
Microsoft Visual Studio Solution File, Format Version 12.00
# Visual Studio Version 16
VisualStudioVersion = 16.0.33927.289
MinimumVisualStudioVersion = 10.0.40219.1
Project("{2150E333-8FDC-42A3-9474-1A3956D46DE8}") = "Task0", "Task0", "{C68184B2-2C04-4139-A3FE-6A431B3A8988}"
EndProject
Project("{FAE04EC0-301F-11D3-BF4B-00C04F79EFBC}") = "Tyuiu.VarovaAA.Sprint3.Task0.V26", "Tyuiu.VarovaAA.Sprint3.Task0.V26\Tyuiu.VarovaAA.Sprint3.Task0.V26.csproj", "{02B37E5F-B4B5-42C8-91CB-B7477E4869D8}"
EndProject
Project("{FAE04EC0-301F-11D3-BF4B-00C04F79EFBC}") = "Tyuiu.VarovaAA.Sprint3.Task0.V26.Lib", "Tyuiu.VarovaAA.Sprint3.Task0.V26.Lib\Tyuiu.VarovaAA.Sprint3.Task0.V26.Lib.csproj", "{C0A3B435-A78F-4F5D-B05F-D54C911B10C9}"
EndProject
Project("{FAE04EC0-301F-11D3-BF4B-00C04F79EFBC}") = "Tyuiu.VarovaAA.Sprint3.Task0.V26.Test", "Tyuiu.VarovaAA.Sprint3.Task0.V26.Test\Tyuiu.VarovaAA.Sprint3.Task0.V26.Test.csproj", "{CD909DE4-691E-4716-A638-05870E675AA6}"
EndProject
Project("{2150E333-8FDC-42A3-9474-1A3956D46DE8}") = "Task1", "Task1", "{302C87B1-AB49-466E-8304-39E17808675F}"
EndProject
Project("{FAE04EC0-301F-11D3-BF4B-00C04F79EFBC}") = "Tyuiu.VarovaAA.Sprint3.Task1.V6", "Tyuiu.VarovaAA.Sprint3.Task1.V6\Tyuiu.VarovaAA.Sprint3.Task1.V6.csproj", "{EA4B185D-1244-46DF-8740-FE943B0D2EF2}"
EndProject
Project("{FAE04EC0-301F-11D3-BF4B-00C04F79EFBC}") = "Tyuiu.VarovaAA.Sprint3.Task1.V6.Lib", "Tyuiu.VarovaAA.Sprint3.Task1.V6.Lib\Tyuiu.VarovaAA.Sprint3.Task1.V6.Lib.csproj", "{3E52EEB9-9B51-447F-95FA-1B07848657FD}"
EndProject
Project("{FAE04EC0-301F-11D3-BF4B-00C04F79EFBC}") = "Tyuiu.VarovaAA.Sprint3.Task1.V6.Test", "Tyuiu.VarovaAA.Sprint3.Task1.V6.Test\Tyuiu.VarovaAA.Sprint3.Task1.V6.Test.csproj", "{687AA9BD-5A9A-4C27-B05F-9AFB8B4C9A21}"
EndProject
Project("{2150E333-8FDC-42A3-9474-1A3956D46DE8}") = "Task2", "Task2", "{464AA44A-9502-4CEE-B919-495CC899E6C8}"
EndProject
Project("{FAE04EC0-301F-11D3-BF4B-00C04F79EFBC}") = "Tyuiu.VarovaAA.Sprint3.Task2.V3", "Tyuiu.VarovaAA.Sprint3.Task2.V3\Tyuiu.VarovaAA.Sprint3.Task2.V3.csproj", "{4DD780B2-6993-4376-A930-B65A97D243BF}"
EndProject
Project("{FAE04EC0-301F-11D3-BF4B-00C04F79EFBC}") = "Tyuiu.VarovaAA.Sprint3.Task2.V3.Lib", "Tyuiu.VarovaAA.Sprint3.Task2.V3.Lib\Tyuiu.VarovaAA.Sprint3.Task2.V3.Lib.csproj", "{8B3CEB78-AA79-46CC-BEF5-402D12205F2B}"
EndProject
Project("{FAE04EC0-301F-11D3-BF4B-00C04F79EFBC}") = "Tyuiu.VarovaAA.Sprint3.Task2.V3.Test", "Tyuiu.VarovaAA.Sprint3.Task2.V3.Test\Tyuiu.VarovaAA.Sprint3.Task2.V3.Test.csproj", "{F4D3B4A8-1A67-4615-BF01-806EAAA73DA3}"
EndProject
Project("{2150E333-8FDC-42A3-9474-1A3956D46DE8}") = "Task3", "Task3", "{5DF312BA-F99E-449D-B839-EF16F67B3494}"
EndProject
Project("{FAE04EC0-301F-11D3-BF4B-00C04F79EFBC}") = "Tyuiu.VarovaAA.Sprint3.Task3.V16", "Tyuiu.VarovaAA.Sprint3.Task3.V16\Tyuiu.VarovaAA.Sprint3.Task3.V16.csproj", "{E9D01E9F-A0DC-4B2E-A1BC-61A04338DAC6}"
EndProject
Project("{FAE04EC0-301F-11D3-BF4B-00C04F79EFBC}") = "Tyuiu.VarovaAA.Sprint3.Task3.V16.Lib", "Tyuiu.VarovaAA.Sprint3.Task3.V16.Lib\Tyuiu.VarovaAA.Sprint3.Task3.V16.Lib.csproj", "{5F9B026B-006F-4380-B4C1-EE48B5C9F6A9}"
EndProject
Project("{FAE04EC0-301F-11D3-BF4B-00C04F79EFBC}") = "Tyuiu.VarovaAA.Sprint3.Task3.V16.Test", "Tyuiu.VarovaAA.Sprint3.Task3.V16.Test\Tyuiu.VarovaAA.Sprint3.Task3.V16.Test.csproj", "{A99EEAAC-F52B-4722-8F5D-B48E0E5D1D0D}"
EndProject
Project("{2150E333-8FDC-42A3-9474-1A3956D46DE8}") = "Task4", "Task4", "{C7D5279D-5314-42A7-A14B-B0F2757E1CCE}"
EndProject
Project("{FAE04EC0-301F-11D3-BF4B-00C04F79EFBC}") = "Tyuiu.VarovaAA.Sprint3.Task4.V25", "Tyuiu.VarovaAA.Sprint3.Task4.V25\Tyuiu.VarovaAA.Sprint3.Task4.V25.csproj", "{2424A65A-BFD6-4590-9648-3137A8F62E52}"
EndProject
Project("{FAE04EC0-301F-11D3-BF4B-00C04F79EFBC}") = "Tyuiu.VarovaAA.Sprint3.Task4.V25.Lib", "Tyuiu.VarovaAA.Sprint3.Task4.V25.Lib\Tyuiu.VarovaAA.Sprint3.Task4.V25.Lib.csproj", "{8C6D5DCE-6163-498B-B28D-DD599C30FCB2}"
EndProject
Project("{FAE04EC0-301F-11D3-BF4B-00C04F79EFBC}") = "Tyuiu.VarovaAA.Sprint3.Task4.V25.Test", "Tyuiu.VarovaAA.Sprint3.Task4.V25.Test\Tyuiu.VarovaAA.Sprint3.Task4.V25.Test.csproj", "{0335E80C-79EE-4BB7-BA70-69ADFFA966FC}"
EndProject
Global
	GlobalSection(SolutionConfigurationPlatforms) = preSolution
		Debug|Any CPU = Debug|Any CPU
		Release|Any CPU = Release|Any CPU
	EndGlobalSection
	GlobalSection(ProjectConfigurationPlatforms) = postSolution
		{02B37E5F-B4B5-42C8-91CB-B7477E4869D8}.Debug|Any CPU.ActiveCfg = Debug|Any CPU
		{02B37E5F-B4B5-42C8-91CB-B7477E4869D8}.Debug|Any CPU.Build.0 = Debug|Any CPU
		{02B37E5F-B4B5-42C8-91CB-B7477E4869D8}.Release|Any CPU.ActiveCfg = Release|Any CPU
		{02B37E5F-B4B5-42C8-91CB-B7477E4869D8}.Release|Any CPU.Build.0 = Release|Any CPU
		{C0A3B435-A78F-4F5D-B05F-D54C911B10C9}.Debug|Any CPU.ActiveCfg = Debug|Any CPU
		{C0A3B435-A78F-4F5D-B05F-D54C911B10C9}.Debug|Any CPU.Build.0 = Debug|Any CPU
		{C0A3B435-A78F-4F5D-B05F-D54C911B10C9}.Release|Any CPU.ActiveCfg = Release|Any CPU
		{C0A3B435-A78F-4F5D-B05F-D54C911B10C9}.Release|Any CPU.Build.0 = Release|Any CPU
		{CD909DE4-691E-4716-A638-05870E675AA6}.Debug|Any CPU.ActiveCfg = Debug|Any CPU
		{CD909DE4-691E-4716-A638-05870E675AA6}.Debug|Any CPU.Build.0 = Debug|Any CPU
		{CD909DE4-691E-4716-A638-05870E675AA6}.Release|Any CPU.ActiveCfg = Release|Any CPU
		{CD909DE4-691E-4716-A638-05870E675AA6}.Release|Any CPU.Build.0 = Release|Any CPU
		{EA4B185D-1244-46DF-8740-FE943B0D2EF2}.Debug|Any CPU.ActiveCfg = Debug|Any CPU
		{EA4B185D-1244-46DF-8740-FE943B0D2EF2}.Debug|Any CPU.Build.0 = Debug|Any CPU
		{EA4B185D-1244-46DF-8740-FE943B0D2EF2}.Release|Any CPU.ActiveCfg = Release|Any CPU
		{EA4B185D-1244-46DF-8740-FE943B0D2EF2}.Release|Any CPU.Build.0 = Release|Any CPU
		{3E52EEB9-9B51-447F-95FA-1B07848657FD}.Debug|Any CPU.ActiveCfg = Debug|Any CPU
		{3E52EEB9-9B51-447F-95FA-1B07848657FD}.Debug|Any CPU.Build.0 = Debug|Any CPU
		{3E52EEB9-9B51-447F-95FA-1B07848657FD}.Release|Any CPU.ActiveCfg = Release|Any CPU
		{3E52EEB9-9B51-447F-95FA-1B07848657FD}.Release|Any CPU.Build.0 = Release|Any CPU
		{687AA9BD-5A9A-4C27-B05F-9AFB8B4C9A21}.Debug|Any CPU.ActiveCfg = Debug|Any CPU
		{687AA9BD-5A9A-4C27-B05F-9AFB8B4C9A21}.Debug|Any CPU.Build.0 = Debug|Any CPU
		{687AA9BD-5A9A-4C27-B05F-9AFB8B4C9A21}.Release|Any CPU.ActiveCfg = Release|Any CPU
		{687AA9BD-5A9A-4C27-B05F-9AFB8B4C9A21}.Release|Any CPU.Build.0 = Release|Any CPU
		{4DD780B2-6993-4376-A930-B65A97D243BF}.Debug|Any CPU.ActiveCfg = Debug|Any CPU
		{4DD780B2-6993-4376-A930-B65A97D243BF}.Debug|Any CPU.Build.0 = Debug|Any CPU
		{4DD780B2-6993-4376-A930-B65A97D243BF}.Release|Any CPU.ActiveCfg = Release|Any CPU
		{4DD780B2-6993-4376-A930-B65A97D243BF}.Release|Any CPU.Build.0 = Release|Any CPU
		{8B3CEB78-AA79-46CC-BEF5-402D12205F2B}.Debug|Any CPU.ActiveCfg = Debug|Any CPU
		{8B3CEB78-AA79-46CC-BEF5-402D12205F2B}.Debug|Any CPU.Build.0 = Debug|Any CPU
		{8B3CEB78-AA79-46CC-BEF5-402D12205F2B}.Release|Any CPU.ActiveCfg = Release|Any CPU
		{8B3CEB78-AA79-46CC-BEF5-402D12205F2B}.Release|Any CPU.Build.0 = Release|Any CPU
		{F4D3B4A8-1A67-4615-BF01-806EAAA73DA3}.Debug|Any CPU.ActiveCfg = Debug|Any CPU
		{F4D3B4A8-1A67-4615-BF01-806EAAA73DA3}.Debug|Any CPU.Build.0 = Debug|Any CPU
		{F4D3B4A8-1A67-4615-BF01-806EAAA73DA3}.Release|Any CPU.ActiveCfg = Release|Any CPU
		{F4D3B4A8-1A67-4615-BF01-806EAAA73DA3}.Release|Any CPU.Build.0 = Release|Any CPU
		{E9D01E9F-A0DC-4B2E-A1BC-61A04338DAC6}.Debug|Any CPU.ActiveCfg = Debug|Any CPU
		{E9D01E9F-A0DC-4B2E-A1BC-61A04338DAC6}.Debug|Any CPU.Build.0 = Debug|Any CPU
		{E9D01E9F-A0DC-4B2E-A1BC-61A04338DAC6}.Release|Any CPU.ActiveCfg = Release|Any CPU
		{E9D01E9F-A0DC-4B2E-A1BC-61A04338DAC6}.Release|Any CPU.Build.0 = Release|Any CPU
		{5F9B026B-006F-4380-B4C1-EE48B5C9F6A9}.Debug|Any CPU.ActiveCfg = Debug|Any CPU
		{5F9B026B-006F-4380-B4C1-EE48B5C9F6A9}.Debug|Any CPU.Build.0 = Debug|Any CPU
		{5F9B026B-006F-4380-B4C1-EE48B5C9F6A9}.Release|Any CPU.ActiveCfg = Release|Any CPU
		{5F9B026B-006F-4380-B4C1-EE48B5C9F6A9}.Release|Any CPU.Build.0 = Release|Any CPU
		{A99EEAAC-F52B-4722-8F5D-B48E0E5D1D0D}.Debug|Any CPU.ActiveCfg = Debug|Any CPU
		{A99EEAAC-F52B-4722-8F5D-B48E0E5D1D0D}.Debug|Any CPU.Build.0 = Debug|Any CPU
		{A99EEAAC-F52B-4722-8F5D-B48E0E5D1D0D}.Release|Any CPU.ActiveCfg = Release|Any CPU
		{A99EEAAC-F52B-4722-8F5D-B48E0E5D1D0D}.Release|Any CPU.Build.0 = Release|Any CPU
		{2424A65A-BFD6-4590-9648-3137A8F62E52}.Debug|Any CPU.ActiveCfg = Debug|Any CPU
		{2424A65A-BFD6-4590-9648-3137A8F62E52}.Debug|Any CPU.Build.0 = Debug|Any CPU
		{2424A65A-BFD6-4590-9648-3137A8F62E52}.Release|Any CPU.ActiveCfg = Release|Any CPU
		{2424A65A-BFD6-4590-9648-3137A8F62E52}.Release|Any CPU.Build.0 = Release|Any CPU
		{8C6D5DCE-6163-498B-B28D-DD599C30FCB2}.Debug|Any CPU.ActiveCfg = Debug|Any CPU
		{8C6D5DCE-6163-498B-B28D-DD599C30FCB2}.Debug|Any CPU.Build.0 = Debug|Any CPU
		{8C6D5DCE-6163-498B-B28D-DD599C30FCB2}.Release|Any CPU.ActiveCfg = Release|Any CPU
		{8C6D5DCE-6163-498B-B28D-DD599C30FCB2}.Release|Any CPU.Build.0 = Release|Any CPU
		{0335E80C-79EE-4BB7-BA70-69ADFFA966FC}.Debug|Any CPU.ActiveCfg = Debug|Any CPU
		{0335E80C-79EE-4BB7-BA70-69ADFFA966FC}.Debug|Any CPU.Build.0 = Debug|Any CPU
		{0335E80C-79EE-4BB7-BA70-69ADFFA966FC}.Release|Any CPU.ActiveCfg = Release|Any CPU
		{0335E80C-79EE-4BB7-BA70-69ADFFA966FC}.Release|Any CPU.Build.0 = Release|Any CPU
	EndGlobalSection
	GlobalSection(SolutionProperties) = preSolution
		HideSolutionNode = FALSE
	EndGlobalSection
	GlobalSection(NestedProjects) = preSolution
		{02B37E5F-B4B5-42C8-91CB-B7477E4869D8} = {C68184B2-2C04-4139-A3FE-6A431B3A8988}
		{C0A3B435-A78F-4F5D-B05F-D54C911B10C9} = {C68184B2-2C04-4139-A3FE-6A431B3A8988}
		{CD909DE4-691E-4716-A638-05870E675AA6} = {C68184B2-2C04-4139-A3FE-6A431B3A8988}
		{EA4B185D-1244-46DF-8740-FE943B0D2EF2} = {302C87B1-AB49-466E-8304-39E17808675F}
		{3E52EEB9-9B51-447F-95FA-1B07848657FD} = {302C87B1-AB49-466E-8304-39E17808675F}
		{687AA9BD-5A9A-4C27-B05F-9AFB8B4C9A21} = {302C87B1-AB49-466E-8304-39E17808675F}
		{4DD780B2-6993-4376-A930-B65A97D243BF} = {464AA44A-9502-4CEE-B919-495CC899E6C8}
		{8B3CEB78-AA79-46CC-BEF5-402D12205F2B} = {464AA44A-9502-4CEE-B919-495CC899E6C8}
		{F4D3B4A8-1A67-4615-BF01-806EAAA73DA3} = {464AA44A-9502-4CEE-B919-495CC899E6C8}
		{E9D01E9F-A0DC-4B2E-A1BC-61A04338DAC6} = {5DF312BA-F99E-449D-B839-EF16F67B3494}
		{5F9B026B-006F-4380-B4C1-EE48B5C9F6A9} = {5DF312BA-F99E-449D-B839-EF16F67B3494}
		{A99EEAAC-F52B-4722-8F5D-B48E0E5D1D0D} = {5DF312BA-F99E-449D-B839-EF16F67B3494}
		{2424A65A-BFD6-4590-9648-3137A8F62E52} = {C7D5279D-5314-42A7-A14B-B0F2757E1CCE}
		{8C6D5DCE-6163-498B-B28D-DD599C30FCB2} = {C7D5279D-5314-42A7-A14B-B0F2757E1CCE}
		{0335E80C-79EE-4BB7-BA70-69ADFFA966FC} = {C7D5279D-5314-42A7-A14B-B0F2757E1CCE}
	EndGlobalSection
	GlobalSection(ExtensibilityGlobals) = postSolution
		SolutionGuid = {D4198234-EC67-4F81-B47D-92D8FA16566D}
	EndGlobalSection
EndGlobal
