
Microsoft Visual Studio Solution File, Format Version 12.00
# Visual Studio Version 16
VisualStudioVersion = 16.0.33927.289
MinimumVisualStudioVersion = 10.0.40219.1
Project("{2150E333-8FDC-42A3-9474-1A3956D46DE8}") = "Task0", "Task0", "{C68184B2-2C04-4139-A3FE-6A431B3A8988}"
EndProject
Project("{FAE04EC0-301F-11D3-BF4B-00C04F79EFBC}") = "Tyuiu.VarovaAA.Sprint3.Task0.V26", "Tyuiu.VarovaAA.Sprint3.Task0.V26\Tyuiu.VarovaAA.Sprint3.Task0.V26.csproj", "{02B37E5F-B4B5-42C8-91CB-B7477E4869D8}"
EndProject
Project("{FAE04EC0-301F-11D3-BF4B-00C04F79EFBC}") = "Tyuiu.VarovaAA.Sprint3.Task0.V26.Lib", "Tyuiu.VarovaAA.Sprint3.Task0.V26.Lib\Tyuiu.VarovaAA.Sprint3.Task0.V26.Lib.csproj", "{C0A3B435-A78F-4F5D-B05F-D54C911B10C9}"
EndProject
Project("{FAE04EC0-301F-11D3-BF4B-00C04F79EFBC}") = "Tyuiu.VarovaAA.Sprint3.Task0.V26.Test", "Tyuiu.VarovaAA.Sprint3.Task0.V26.Test\Tyuiu.VarovaAA.Sprint3.Task0.V26.Test.csproj", "{CD909DE4-691E-4716-A638-05870E675AA6}"
EndProject
Project("{2150E333-8FDC-42A3-9474-1A3956D46DE8}") = "Task1", "Task1", "{302C87B1-AB49-466E-8304-39E17808675F}"
EndProject
Project("{FAE04EC0-301F-11D3-BF4B-00C04F79EFBC}") = "Tyuiu.VarovaAA.Sprint3.Task1.V6", "Tyuiu.VarovaAA.Sprint3.Task1.V6\Tyuiu.VarovaAA.Sprint3.Task1.V6.csproj", "{EA4B185D-1244-46DF-8740-FE943B0D2EF2}"
EndProject
Project("{FAE04EC0-301F-11D3-BF4B-00C04F79EFBC}") = "Tyuiu.VarovaAA.Sprint3.Task1.V6.Lib", "Tyuiu.VarovaAA.Sprint3.Task1.V6.Lib\Tyuiu.VarovaAA.Sprint3.Task1.V6.Lib.csproj", "{3E52EEB9-9B51-447F-95FA-1B07848657FD}"
EndProject
Project("{FAE04EC0-301F-11D3-BF4B-00C04F79EFBC}") = "Tyuiu.VarovaAA.Sprint3.Task1.V6.Test", "Tyuiu.VarovaAA.Sprint3.Task1.V6.Test\Tyuiu.VarovaAA.Sprint3.Task1.V6.Test.csproj", "{687AA9BD-5A9A-4C27-B05F-9AFB8B4C9A21}"
EndProject
Global
	GlobalSection(SolutionConfigurationPlatforms) = preSolution
		Debug|Any CPU = Debug|Any CPU
		Release|Any CPU = Release|Any CPU
	EndGlobalSection
	GlobalSection(ProjectConfigurationPlatforms) = postSolution
		{02B37E5F-B4B5-42C8-91CB-B7477E4869D8}.Debug|Any CPU.ActiveCfg = Debug|Any CPU
		{02B37E5F-B4B5-42C8-91CB-B7477E4869D8}.Debug|Any CPU.Build.0 = Debug|Any CPU
		{02B37E5F-B4B5-42C8-91CB-B7477E4869D8}.Release|Any CPU.ActiveCfg = Release|Any CPU
		{02B37E5F-B4B5-42C8-91CB-B7477E4869D8}.Release|Any CPU.Build.0 = Release|Any CPU
		{C0A3B435-A78F-4F5D-B05F-D54C911B10C9}.Debug|Any CPU.ActiveCfg = Debug|Any CPU
		{C0A3B435-A78F-4F5D-B05F-D54C911B10C9}.Debug|Any CPU.Build.0 = Debug|Any CPU
		{C0A3B435-A78F-4F5D-B05F-D54C911B10C9}.Release|Any CPU.ActiveCfg = Release|Any CPU
		{C0A3B435-A78F-4F5D-B05F-D54C911B10C9}.Release|Any CPU.Build.0 = Release|Any CPU
		{CD909DE4-691E-4716-A638-05870E675AA6}.Debug|Any CPU.ActiveCfg = Debug|Any CPU
		{CD909DE4-691E-4716-A638-05870E675AA6}.Debug|Any CPU.Build.0 = Debug|Any CPU
		{CD909DE4-691E-4716-A638-05870E675AA6}.Release|Any CPU.ActiveCfg = Release|Any CPU
		{CD909DE4-691E-4716-A638-05870E675AA6}.Release|Any CPU.Build.0 = Release|Any CPU
		{EA4B185D-1244-46DF-8740-FE943B0D2EF2}.Debug|Any CPU.ActiveCfg = Debug|Any CPU
		{EA4B185D-1244-46DF-8740-FE943B0D2EF2}.Debug|Any CPU.Build.0 = Debug|Any CPU
		{EA4B185D-1244-46DF-8740-FE943B0D2EF2}.Release|Any CPU.ActiveCfg = Release|Any CPU
		{EA4B185D-1244-46DF-8740-FE943B0D2EF2}.Release|Any CPU.Build.0 = Release|Any CPU
		{3E52EEB9-9B51-447F-95FA-1B07848657FD}.Debug|Any CPU.ActiveCfg = Debug|Any CPU
		{3E52EEB9-9B51-447F-95FA-1B07848657FD}.Debug|Any CPU.Build.0 = Debug|Any CPU
		{3E52EEB9-9B51-447F-95FA-1B07848657FD}.Release|Any CPU.ActiveCfg = Release|Any CPU
		{3E52EEB9-9B51-447F-95FA-1B07848657FD}.Release|Any CPU.Build.0 = Release|Any CPU
		{687AA9BD-5A9A-4C27-B05F-9AFB8B4C9A21}.Debug|Any CPU.ActiveCfg = Debug|Any CPU
		{687AA9BD-5A9A-4C27-B05F-9AFB8B4C9A21}.Debug|Any CPU.Build.0 = Debug|Any CPU
		{687AA9BD-5A9A-4C27-B05F-9AFB8B4C9A21}.Release|Any CPU.ActiveCfg = Release|Any CPU
		{687AA9BD-5A9A-4C27-B05F-9AFB8B4C9A21}.Release|Any CPU.Build.0 = Release|Any CPU
	EndGlobalSection
	GlobalSection(SolutionProperties) = preSolution
		HideSolutionNode = FALSE
	EndGlobalSection
	GlobalSection(NestedProjects) = preSolution
		{02B37E5F-B4B5-42C8-91CB-B7477E4869D8} = {C68184B2-2C04-4139-A3FE-6A431B3A8988}
		{C0A3B435-A78F-4F5D-B05F-D54C911B10C9} = {C68184B2-2C04-4139-A3FE-6A431B3A8988}
		{CD909DE4-691E-4716-A638-05870E675AA6} = {C68184B2-2C04-4139-A3FE-6A431B3A8988}
		{EA4B185D-1244-46DF-8740-FE943B0D2EF2} = {302C87B1-AB49-466E-8304-39E17808675F}
		{3E52EEB9-9B51-447F-95FA-1B07848657FD} = {302C87B1-AB49-466E-8304-39E17808675F}
		{687AA9BD-5A9A-4C27-B05F-9AFB8B4C9A21} = {302C87B1-AB49-466E-8304-39E17808675F}
	EndGlobalSection
	GlobalSection(ExtensibilityGlobals) = postSolution
		SolutionGuid = {D4198234-EC67-4F81-B47D-92D8FA16566D}
	EndGlobalSection
EndGlobal
